{
  "version": 4,
  "terraform_version": "0.12.10",
  "serial": 21,
  "lineage": "3f3f8818-d4aa-2e89-a33a-c7187dfebc38",
  "outputs": {
    "latest_ips": {
      "value": {
        "filter": [
          {
            "name": "tag:unique_id",
            "values": [
              "CTE_CUSTOMER"
            ]
          }
        ],
        "id": "terraform-20191023192344543500000001",
        "ids": [
          "i-0f68273cb7c0a93ef",
          "i-0c441abcf7a52a9d0"
        ],
        "instance_state_names": null,
        "instance_tags": null,
        "private_ips": [
          "10.146.55.124",
          "10.146.55.16"
        ],
        "public_ips": []
      },
      "type": [
        "object",
        {
          "filter": [
            "set",
            [
              "object",
              {
                "name": "string",
                "values": [
                  "list",
                  "string"
                ]
              }
            ]
          ],
          "id": "string",
          "ids": [
            "list",
            "string"
          ],
          "instance_state_names": [
            "set",
            "string"
          ],
          "instance_tags": [
            "map",
            "string"
          ],
          "private_ips": [
            "list",
            "string"
          ],
          "public_ips": [
            "list",
            "string"
          ]
        }
      ]
    },
    "myvolume1": {
      "value": "vol-036f765382837ab5d",
      "type": "string"
    },
    "myvolumes": {
      "value": "vol-036f765382837ab5d",
      "type": "string"
    }
  },
  "resources": [
    {
      "mode": "data",
      "type": "aws_ebs_snapshot",
      "name": "db_snap",
      "provider": "provider.aws",
      "instances": [
        {
          "schema_version": 0,
          "attributes": {
            "data_encryption_key_id": "",
            "description": "",
            "encrypted": true,
            "filter": [
              {
                "name": "tag:Name",
                "values": [
                  "XPPNP*"
                ]
              }
            ],
            "id": "snap-0cebc0def34e2c0b2",
            "kms_key_id": "arn:aws:kms:us-east-1:745078641086:key/6a4b9921-572e-4b02-8cea-d0e74ba2a9dd",
            "most_recent": true,
            "owner_alias": "",
            "owner_id": "745078641086",
            "owners": [
              "745078641086"
            ],
            "restorable_by_user_ids": null,
            "snapshot_id": "snap-0cebc0def34e2c0b2",
            "snapshot_ids": null,
            "state": "completed",
            "tags": {
              "DATE": "17-Oct-2019 02:14:27 UTC",
              "Name": "XPPNPsnapshot_17-Oct-2019",
              "desciption": "Snapshot for XPPNP volume spinup from terraform"
            },
            "volume_id": "vol-05763fc03b6d4db09",
            "volume_size": 16384
          }
        }
      ]
    },
    {
      "mode": "data",
      "type": "aws_instances",
      "name": "customer_instances",
      "provider": "provider.aws",
      "instances": [
        {
          "schema_version": 0,
          "attributes": {
            "filter": [
              {
                "name": "tag:unique_id",
                "values": [
                  "CTE_CUSTOMER"
                ]
              }
            ],
            "id": "terraform-20191023192344543500000001",
            "ids": [
              "i-0f68273cb7c0a93ef",
              "i-0c441abcf7a52a9d0"
            ],
            "instance_state_names": null,
            "instance_tags": null,
            "private_ips": [
              "10.146.55.124",
              "10.146.55.16"
            ],
            "public_ips": []
          }
        }
      ]
    },
    {
      "mode": "managed",
      "type": "aws_ebs_volume",
      "name": "db_snapshot-datafiles",
      "each": "list",
      "provider": "provider.aws",
      "instances": [
        {
          "index_key": 0,
          "schema_version": 0,
          "attributes": {
            "arn": "arn:aws:ec2:us-east-1:745078641086:volume/vol-036f765382837ab5d",
            "availability_zone": "us-east-1a",
            "encrypted": true,
            "id": "vol-036f765382837ab5d",
            "iops": 16000,
            "kms_key_id": "arn:aws:kms:us-east-1:745078641086:key/6a4b9921-572e-4b02-8cea-d0e74ba2a9dd",
            "size": 16384,
            "snapshot_id": "snap-0cebc0def34e2c0b2",
            "tags": {
              "Name": "db_snapshot-datafiles",
              "description": "ebs volume for the db_snapshot DB datafiles for migration",
              "snapshot": "snap-0cebc0def34e2c0b2"
            },
            "type": "gp2"
          },
          "private": "bnVsbA==",
          "depends_on": [
            "data.aws_ebs_snapshot.db_snap",
            "data.aws_instances.customer_instances"
          ]
        },
        {
          "index_key": 1,
          "schema_version": 0,
          "attributes": {
            "arn": "arn:aws:ec2:us-east-1:745078641086:volume/vol-00bffa09f5fc70e64",
            "availability_zone": "us-east-1a",
            "encrypted": true,
            "id": "vol-00bffa09f5fc70e64",
            "iops": 16000,
            "kms_key_id": "arn:aws:kms:us-east-1:745078641086:key/6a4b9921-572e-4b02-8cea-d0e74ba2a9dd",
            "size": 16384,
            "snapshot_id": "snap-0cebc0def34e2c0b2",
            "tags": {
              "Name": "db_snapshot-datafiles",
              "description": "ebs volume for the db_snapshot DB datafiles for migration",
              "snapshot": "snap-0cebc0def34e2c0b2"
            },
            "type": "gp2"
          },
          "private": "bnVsbA==",
          "depends_on": [
            "data.aws_ebs_snapshot.db_snap",
            "data.aws_instances.customer_instances"
          ]
        }
      ]
    },
    {
      "mode": "managed",
      "type": "aws_volume_attachment",
      "name": "db_snapshot-datafiles-attachment",
      "each": "list",
      "provider": "provider.aws",
      "instances": [
        {
          "index_key": 0,
          "schema_version": 0,
          "attributes": {
            "device_name": "/dev/xvdb",
            "force_detach": null,
            "id": "vai-2782526221",
            "instance_id": "i-0f68273cb7c0a93ef",
            "skip_destroy": null,
            "volume_id": "vol-036f765382837ab5d"
          },
          "private": "bnVsbA==",
          "depends_on": [
            "aws_ebs_volume.db_snapshot-datafiles",
            "data.aws_instances.customer_instances"
          ]
        },
        {
          "index_key": 1,
          "schema_version": 0,
          "attributes": {
            "device_name": "/dev/xvdb",
            "force_detach": null,
            "id": "vai-3965560463",
            "instance_id": "i-0c441abcf7a52a9d0",
            "skip_destroy": null,
            "volume_id": "vol-00bffa09f5fc70e64"
          },
          "private": "bnVsbA==",
          "depends_on": [
            "aws_ebs_volume.db_snapshot-datafiles",
            "data.aws_instances.customer_instances"
          ]
        }
      ]
    },
    {
      "mode": "managed",
      "type": "null_resource",
      "name": "customer_resource_exec",
      "each": "map",
      "provider": "provider.null",
      "instances": [
        {
          "index_key": "10.146.55.124",
          "schema_version": 0,
          "attributes": {
            "id": "8448150891343839214",
            "triggers": null
          },
          "depends_on": [
            "data.aws_instances.customer_instances"
          ]
        },
        {
          "index_key": "10.146.55.16",
          "schema_version": 0,
          "attributes": {
            "id": "3419559569108857221",
            "triggers": null
          },
          "depends_on": [
            "data.aws_instances.customer_instances"
          ]
        }
      ]
    },
    {
      "mode": "managed",
      "type": "null_resource",
      "name": "mount_and_start",
      "each": "map",
      "provider": "provider.null",
      "instances": [
        {
          "index_key": "10.146.55.124",
          "schema_version": 0,
          "attributes": {
            "id": "6952634082396668429",
            "triggers": null
          },
          "depends_on": [
            "data.aws_instances.customer_instances"
          ]
        },
        {
          "index_key": "10.146.55.16",
          "schema_version": 0,
          "attributes": {
            "id": "3629071211882332528",
            "triggers": null
          },
          "depends_on": [
            "data.aws_instances.customer_instances"
          ]
        }
      ]
    }
  ]
}
